
Microsoft Visual Studio Solution File, Format Version 12.00
# Visual Studio Version 17
VisualStudioVersion = 17.9.34723.18
MinimumVisualStudioVersion = 10.0.40219.1
Project("{FAE04EC0-301F-11D3-BF4B-00C04F79EFBC}") = "Scientfic Calculator", "Scientfic Calculator\Scientfic Calculator.csproj", "{579ED5F8-BCFA-4209-BAA2-695B415C0B63}"
EndProject
Global
	GlobalSection(SolutionConfigurationPlatforms) = preSolution
		Debug|Any CPU = Debug|Any CPU
		Release|Any CPU = Release|Any CPU
	EndGlobalSection
	GlobalSection(ProjectConfigurationPlatforms) = postSolution
		{579ED5F8-BCFA-4209-BAA2-695B415C0B63}.Debug|Any CPU.ActiveCfg = Debug|Any CPU
		{579ED5F8-BCFA-4209-BAA2-695B415C0B63}.Debug|Any CPU.Build.0 = Debug|Any CPU
		{579ED5F8-BCFA-4209-BAA2-695B415C0B63}.Release|Any CPU.ActiveCfg = Release|Any CPU
		{579ED5F8-BCFA-4209-BAA2-695B415C0B63}.Release|Any CPU.Build.0 = Release|Any CPU
	EndGlobalSection
	GlobalSection(SolutionProperties) = preSolution
		HideSolutionNode = FALSE
	EndGlobalSection
	GlobalSection(ExtensibilityGlobals) = postSolution
		SolutionGuid = {E7A22D00-F275-4BEA-B73F-69813E0B1BCE}
	EndGlobalSection
EndGlobal
